
Microsoft Visual Studio Solution File, Format Version 12.00
# Visual Studio Version 16
VisualStudioVersion = 16.0.29806.167
MinimumVisualStudioVersion = 10.0.40219.1
Project("{FAE04EC0-301F-11D3-BF4B-00C04F79EFBC}") = "HelthCheck.Web", "HelthCheck.Web\HelthCheck.Web.csproj", "{61C7E84F-A659-4065-8296-D10938AB15FB}"
EndProject
Global
	GlobalSection(SolutionConfigurationPlatforms) = preSolution
		Debug|Any CPU = Debug|Any CPU
		Release|Any CPU = Release|Any CPU
	EndGlobalSection
	GlobalSection(ProjectConfigurationPlatforms) = postSolution
		{61C7E84F-A659-4065-8296-D10938AB15FB}.Debug|Any CPU.ActiveCfg = Debug|Any CPU
		{61C7E84F-A659-4065-8296-D10938AB15FB}.Debug|Any CPU.Build.0 = Debug|Any CPU
		{61C7E84F-A659-4065-8296-D10938AB15FB}.Release|Any CPU.ActiveCfg = Release|Any CPU
		{61C7E84F-A659-4065-8296-D10938AB15FB}.Release|Any CPU.Build.0 = Release|Any CPU
	EndGlobalSection
	GlobalSection(SolutionProperties) = preSolution
		HideSolutionNode = FALSE
	EndGlobalSection
	GlobalSection(ExtensibilityGlobals) = postSolution
		SolutionGuid = {13AA1C44-A42E-4F4E-AB0B-0195ED793CED}
	EndGlobalSection
EndGlobal
